
Microsoft Visual Studio Solution File, Format Version 12.00
# Visual Studio Version 17
VisualStudioVersion = 17.10.35013.160
MinimumVisualStudioVersion = 10.0.40219.1
Project("{FAE04EC0-301F-11D3-BF4B-00C04F79EFBC}") = "LibraryManagementConsole", "LibraryManagementConsole.csproj", "{21557A7F-DA3A-4D8D-8F83-30A55764A60E}"
EndProject
Global
	GlobalSection(SolutionConfigurationPlatforms) = preSolution
		Debug|Any CPU = Debug|Any CPU
		Release|Any CPU = Release|Any CPU
	EndGlobalSection
	GlobalSection(ProjectConfigurationPlatforms) = postSolution
		{21557A7F-DA3A-4D8D-8F83-30A55764A60E}.Debug|Any CPU.ActiveCfg = Debug|Any CPU
		{21557A7F-DA3A-4D8D-8F83-30A55764A60E}.Debug|Any CPU.Build.0 = Debug|Any CPU
		{21557A7F-DA3A-4D8D-8F83-30A55764A60E}.Release|Any CPU.ActiveCfg = Release|Any CPU
		{21557A7F-DA3A-4D8D-8F83-30A55764A60E}.Release|Any CPU.Build.0 = Release|Any CPU
	EndGlobalSection
	GlobalSection(SolutionProperties) = preSolution
		HideSolutionNode = FALSE
	EndGlobalSection
	GlobalSection(ExtensibilityGlobals) = postSolution
		SolutionGuid = {3F786066-20F9-46D7-BFFE-6C7001292D28}
	EndGlobalSection
EndGlobal
